{
  "version": 1,
  "dependencies": {
    ".NETFramework,Version=v3.5": {
      "Microsoft.Windows.CsWin32": {
        "type": "Direct",
        "requested": "[0.2.188-beta, )",
        "resolved": "0.2.188-beta",
        "contentHash": "mWRusdlS2bpKI4rDSMsI/yo9tAOsnPNemuxcJgXYZ2HDWH0C+KdEbqdzZwzErxXs5/iIN/3h6lRSoKCuTG/XgA==",
        "dependencies": {
          "Microsoft.Windows.SDK.Win32Docs": "0.1.12-alpha",
          "Microsoft.Windows.SDK.Win32Metadata": "40.0.14-preview"
        }
      },
      "PolySharp": {
        "type": "Direct",
        "requested": "[1.12.1, )",
        "resolved": "1.12.1",
        "contentHash": "/X82eNRZCcu73yacdakg+OoLSK3FEZRMJZMmJRQN5btxzVp7JoUPub+lZuCfBZ4yvmvypOi7q+TInM07+dTvSw=="
      },
      "Microsoft.Windows.SDK.Win32Docs": {
        "type": "Transitive",
        "resolved": "0.1.12-alpha",
        "contentHash": "DcKRcvQkTP+aT1Y+GcrzhmZJ9zEXpwqrcQZNER0k+ksLUDl0hsAFMqhpI4aqwEEXG1qbLyAINqcZHE47kpqt6Q=="
      },
      "Microsoft.Windows.SDK.Win32Metadata": {
        "type": "Transitive",
        "resolved": "40.0.14-preview",
        "contentHash": "MFi6LE9HpI0QoySh9DoOAQMaSi9ud0XKdx6VNNWHXKEQDzEnYu6Bqc8RIFSH+4MTpMVAX2xSaQuCWPOZ1sJHLw=="
      }
    },
    "net6.0-windows7.0": {
      "Microsoft.Windows.CsWin32": {
        "type": "Direct",
        "requested": "[0.2.188-beta, )",
        "resolved": "0.2.188-beta",
        "contentHash": "mWRusdlS2bpKI4rDSMsI/yo9tAOsnPNemuxcJgXYZ2HDWH0C+KdEbqdzZwzErxXs5/iIN/3h6lRSoKCuTG/XgA==",
        "dependencies": {
          "Microsoft.Windows.SDK.Win32Docs": "0.1.12-alpha",
          "Microsoft.Windows.SDK.Win32Metadata": "40.0.14-preview",
          "System.Memory": "4.5.5",
          "System.Runtime.CompilerServices.Unsafe": "6.0.0"
        }
      },
      "PolySharp": {
        "type": "Direct",
        "requested": "[1.12.1, )",
        "resolved": "1.12.1",
        "contentHash": "/X82eNRZCcu73yacdakg+OoLSK3FEZRMJZMmJRQN5btxzVp7JoUPub+lZuCfBZ4yvmvypOi7q+TInM07+dTvSw=="
      },
      "Microsoft.Windows.SDK.Win32Docs": {
        "type": "Transitive",
        "resolved": "0.1.12-alpha",
        "contentHash": "DcKRcvQkTP+aT1Y+GcrzhmZJ9zEXpwqrcQZNER0k+ksLUDl0hsAFMqhpI4aqwEEXG1qbLyAINqcZHE47kpqt6Q=="
      },
      "Microsoft.Windows.SDK.Win32Metadata": {
        "type": "Transitive",
        "resolved": "40.0.14-preview",
        "contentHash": "MFi6LE9HpI0QoySh9DoOAQMaSi9ud0XKdx6VNNWHXKEQDzEnYu6Bqc8RIFSH+4MTpMVAX2xSaQuCWPOZ1sJHLw=="
      },
      "System.Memory": {
        "type": "Transitive",
        "resolved": "4.5.5",
        "contentHash": "XIWiDvKPXaTveaB7HVganDlOCRoj03l+jrwNvcge/t8vhGYKvqV+dMv6G4SAX2NoNmN0wZfVPTAlFwZcZvVOUw=="
      },
      "System.Runtime.CompilerServices.Unsafe": {
        "type": "Transitive",
        "resolved": "6.0.0",
        "contentHash": "/iUeP3tq1S0XdNNoMz5C9twLSrM/TH+qElHkXWaPvuNOt+99G75NrV0OS2EqHx5wMN7popYjpc8oTjC1y16DLg=="
      }
    }
  }
}